// !$*UTF8*$!
{
	archiveVersion = 1;
	classes = {
	};
	objectVersion = 50;
	objects = {

/* Begin PBXBuildFile section */
		DE8A9A9A264C9B9700C4C178 /* CustomShape-Diamond.swift in Sources */ = {isa = PBXBuildFile; fileRef = DE8A9A99264C9B9700C4C178 /* CustomShape-Diamond.swift */; };
		DE8A9A9F264CA8A600C4C178 /* CustomShape-Oval.swift in Sources */ = {isa = PBXBuildFile; fileRef = DE8A9A9E264CA8A600C4C178 /* CustomShape-Oval.swift */; };
		DEDDBCDF264DB46D00199D5C /* SetGame.swift in Sources */ = {isa = PBXBuildFile; fileRef = DEDDBCDE264DB46D00199D5C /* SetGame.swift */; };
		DEDDBCE1264DBBDE00199D5C /* SetGameVM.swift in Sources */ = {isa = PBXBuildFile; fileRef = DEDDBCE0264DBBDE00199D5C /* SetGameVM.swift */; };
		DEFCAA27264C92F800D302CD /* AppDelegate.swift in Sources */ = {isa = PBXBuildFile; fileRef = DEFCAA26264C92F800D302CD /* AppDelegate.swift */; };
		DEFCAA29264C92F800D302CD /* SceneDelegate.swift in Sources */ = {isa = PBXBuildFile; fileRef = DEFCAA28264C92F800D302CD /* SceneDelegate.swift */; };
		DEFCAA2B264C92F800D302CD /* SetGameView.swift in Sources */ = {isa = PBXBuildFile; fileRef = DEFCAA2A264C92F800D302CD /* SetGameView.swift */; };
		DEFCAA2E264C92F800D302CD /* SetGame_Satnford_Assignment_III.xcdatamodeld in Sources */ = {isa = PBXBuildFile; fileRef = DEFCAA2C264C92F800D302CD /* SetGame_Satnford_Assignment_III.xcdatamodeld */; };
		DEFCAA30264C92F900D302CD /* Assets.xcassets in Resources */ = {isa = PBXBuildFile; fileRef = DEFCAA2F264C92F900D302CD /* Assets.xcassets */; };
		DEFCAA33264C92F900D302CD /* Preview Assets.xcassets in Resources */ = {isa = PBXBuildFile; fileRef = DEFCAA32264C92F900D302CD /* Preview Assets.xcassets */; };
		DEFCAA36264C92F900D302CD /* LaunchScreen.storyboard in Resources */ = {isa = PBXBuildFile; fileRef = DEFCAA34264C92F900D302CD /* LaunchScreen.storyboard */; };
/* End PBXBuildFile section */

/* Begin PBXFileReference section */
		DE8A9A99264C9B9700C4C178 /* CustomShape-Diamond.swift */ = {isa = PBXFileReference; lastKnownFileType = sourcecode.swift; path = "CustomShape-Diamond.swift"; sourceTree = "<group>"; };
		DE8A9A9E264CA8A600C4C178 /* CustomShape-Oval.swift */ = {isa = PBXFileReference; lastKnownFileType = sourcecode.swift; path = "CustomShape-Oval.swift"; sourceTree = "<group>"; };
		DEDDBCDE264DB46D00199D5C /* SetGame.swift */ = {isa = PBXFileReference; lastKnownFileType = sourcecode.swift; path = SetGame.swift; sourceTree = "<group>"; };
		DEDDBCE0264DBBDE00199D5C /* SetGameVM.swift */ = {isa = PBXFileReference; lastKnownFileType = sourcecode.swift; path = SetGameVM.swift; sourceTree = "<group>"; };
		DEFCAA23264C92F800D302CD /* SetGame-Satnford-Assignment-III.app */ = {isa = PBXFileReference; explicitFileType = wrapper.application; includeInIndex = 0; path = "SetGame-Satnford-Assignment-III.app"; sourceTree = BUILT_PRODUCTS_DIR; };
		DEFCAA26264C92F800D302CD /* AppDelegate.swift */ = {isa = PBXFileReference; lastKnownFileType = sourcecode.swift; path = AppDelegate.swift; sourceTree = "<group>"; };
		DEFCAA28264C92F800D302CD /* SceneDelegate.swift */ = {isa = PBXFileReference; lastKnownFileType = sourcecode.swift; path = SceneDelegate.swift; sourceTree = "<group>"; };
		DEFCAA2A264C92F800D302CD /* SetGameView.swift */ = {isa = PBXFileReference; lastKnownFileType = sourcecode.swift; path = SetGameView.swift; sourceTree = "<group>"; };
		DEFCAA2D264C92F800D302CD /* SetGame_Satnford_Assignment_III.xcdatamodel */ = {isa = PBXFileReference; lastKnownFileType = wrapper.xcdatamodel; path = SetGame_Satnford_Assignment_III.xcdatamodel; sourceTree = "<group>"; };
		DEFCAA2F264C92F900D302CD /* Assets.xcassets */ = {isa = PBXFileReference; lastKnownFileType = folder.assetcatalog; path = Assets.xcassets; sourceTree = "<group>"; };
		DEFCAA32264C92F900D302CD /* Preview Assets.xcassets */ = {isa = PBXFileReference; lastKnownFileType = folder.assetcatalog; path = "Preview Assets.xcassets"; sourceTree = "<group>"; };
		DEFCAA35264C92F900D302CD /* Base */ = {isa = PBXFileReference; lastKnownFileType = file.storyboard; name = Base; path = Base.lproj/LaunchScreen.storyboard; sourceTree = "<group>"; };
		DEFCAA37264C92F900D302CD /* Info.plist */ = {isa = PBXFileReference; lastKnownFileType = text.plist.xml; path = Info.plist; sourceTree = "<group>"; };
/* End PBXFileReference section */

/* Begin PBXFrameworksBuildPhase section */
		DEFCAA20264C92F800D302CD /* Frameworks */ = {
			isa = PBXFrameworksBuildPhase;
			buildActionMask = 2147483647;
			files = (
			);
			runOnlyForDeploymentPostprocessing = 0;
		};
/* End PBXFrameworksBuildPhase section */

/* Begin PBXGroup section */
		DE8A9A9B264C9EBF00C4C178 /* Shapes */ = {
			isa = PBXGroup;
			children = (
				DE8A9A99264C9B9700C4C178 /* CustomShape-Diamond.swift */,
				DE8A9A9E264CA8A600C4C178 /* CustomShape-Oval.swift */,
			);
			path = Shapes;
			sourceTree = "<group>";
		};
		DEFCAA1A264C92F800D302CD = {
			isa = PBXGroup;
			children = (
				DEFCAA25264C92F800D302CD /* SetGame-Satnford-Assignment-III */,
				DEFCAA24264C92F800D302CD /* Products */,
			);
			sourceTree = "<group>";
		};
		DEFCAA24264C92F800D302CD /* Products */ = {
			isa = PBXGroup;
			children = (
				DEFCAA23264C92F800D302CD /* SetGame-Satnford-Assignment-III.app */,
			);
			name = Products;
			sourceTree = "<group>";
		};
		DEFCAA25264C92F800D302CD /* SetGame-Satnford-Assignment-III */ = {
			isa = PBXGroup;
			children = (
				DE8A9A9B264C9EBF00C4C178 /* Shapes */,
				DEFCAA3E264C930700D302CD /* Model */,
				DEFCAA3D264C930100D302CD /* View */,
				DEFCAA3F264C931000D302CD /* ViewModel */,
				DEFCAA28264C92F800D302CD /* SceneDelegate.swift */,
				DEFCAA26264C92F800D302CD /* AppDelegate.swift */,
				DEFCAA2F264C92F900D302CD /* Assets.xcassets */,
				DEFCAA34264C92F900D302CD /* LaunchScreen.storyboard */,
				DEFCAA37264C92F900D302CD /* Info.plist */,
				DEFCAA2C264C92F800D302CD /* SetGame_Satnford_Assignment_III.xcdatamodeld */,
				DEFCAA31264C92F900D302CD /* Preview Content */,
			);
			path = "SetGame-Satnford-Assignment-III";
			sourceTree = "<group>";
		};
		DEFCAA31264C92F900D302CD /* Preview Content */ = {
			isa = PBXGroup;
			children = (
				DEFCAA32264C92F900D302CD /* Preview Assets.xcassets */,
			);
			path = "Preview Content";
			sourceTree = "<group>";
		};
		DEFCAA3D264C930100D302CD /* View */ = {
			isa = PBXGroup;
			children = (
				DEFCAA2A264C92F800D302CD /* SetGameView.swift */,
			);
			path = View;
			sourceTree = "<group>";
		};
		DEFCAA3E264C930700D302CD /* Model */ = {
			isa = PBXGroup;
			children = (
				DEDDBCDE264DB46D00199D5C /* SetGame.swift */,
			);
			path = Model;
			sourceTree = "<group>";
		};
		DEFCAA3F264C931000D302CD /* ViewModel */ = {
			isa = PBXGroup;
			children = (
				DEDDBCE0264DBBDE00199D5C /* SetGameVM.swift */,
			);
			path = ViewModel;
			sourceTree = "<group>";
		};
/* End PBXGroup section */

/* Begin PBXNativeTarget section */
		DEFCAA22264C92F800D302CD /* SetGame-Satnford-Assignment-III */ = {
			isa = PBXNativeTarget;
			buildConfigurationList = DEFCAA3A264C92F900D302CD /* Build configuration list for PBXNativeTarget "SetGame-Satnford-Assignment-III" */;
			buildPhases = (
				DEFCAA1F264C92F800D302CD /* Sources */,
				DEFCAA20264C92F800D302CD /* Frameworks */,
				DEFCAA21264C92F800D302CD /* Resources */,
			);
			buildRules = (
			);
			dependencies = (
			);
			name = "SetGame-Satnford-Assignment-III";
			productName = "SetGame-Satnford-Assignment-III";
			productReference = DEFCAA23264C92F800D302CD /* SetGame-Satnford-Assignment-III.app */;
			productType = "com.apple.product-type.application";
		};
/* End PBXNativeTarget section */

/* Begin PBXProject section */
		DEFCAA1B264C92F800D302CD /* Project object */ = {
			isa = PBXProject;
			attributes = {
				LastSwiftUpdateCheck = 1250;
				LastUpgradeCheck = 1250;
				TargetAttributes = {
					DEFCAA22264C92F800D302CD = {
						CreatedOnToolsVersion = 12.5;
					};
				};
			};
			buildConfigurationList = DEFCAA1E264C92F800D302CD /* Build configuration list for PBXProject "SetGame-Satnford-Assignment-III" */;
			compatibilityVersion = "Xcode 9.3";
			developmentRegion = en;
			hasScannedForEncodings = 0;
			knownRegions = (
				en,
				Base,
			);
			mainGroup = DEFCAA1A264C92F800D302CD;
			productRefGroup = DEFCAA24264C92F800D302CD /* Products */;
			projectDirPath = "";
			projectRoot = "";
			targets = (
				DEFCAA22264C92F800D302CD /* SetGame-Satnford-Assignment-III */,
			);
		};
/* End PBXProject section */

/* Begin PBXResourcesBuildPhase section */
		DEFCAA21264C92F800D302CD /* Resources */ = {
			isa = PBXResourcesBuildPhase;
			buildActionMask = 2147483647;
			files = (
				DEFCAA36264C92F900D302CD /* LaunchScreen.storyboard in Resources */,
				DEFCAA33264C92F900D302CD /* Preview Assets.xcassets in Resources */,
				DEFCAA30264C92F900D302CD /* Assets.xcassets in Resources */,
			);
			runOnlyForDeploymentPostprocessing = 0;
		};
/* End PBXResourcesBuildPhase section */

/* Begin PBXSourcesBuildPhase section */
		DEFCAA1F264C92F800D302CD /* Sources */ = {
			isa = PBXSourcesBuildPhase;
			buildActionMask = 2147483647;
			files = (
				DEFCAA2E264C92F800D302CD /* SetGame_Satnford_Assignment_III.xcdatamodeld in Sources */,
				DEFCAA27264C92F800D302CD /* AppDelegate.swift in Sources */,
				DEFCAA29264C92F800D302CD /* SceneDelegate.swift in Sources */,
				DEDDBCE1264DBBDE00199D5C /* SetGameVM.swift in Sources */,
				DEDDBCDF264DB46D00199D5C /* SetGame.swift in Sources */,
				DE8A9A9F264CA8A600C4C178 /* CustomShape-Oval.swift in Sources */,
				DEFCAA2B264C92F800D302CD /* SetGameView.swift in Sources */,
				DE8A9A9A264C9B9700C4C178 /* CustomShape-Diamond.swift in Sources */,
			);
			runOnlyForDeploymentPostprocessing = 0;
		};
/* End PBXSourcesBuildPhase section */

/* Begin PBXVariantGroup section */
		DEFCAA34264C92F900D302CD /* LaunchScreen.storyboard */ = {
			isa = PBXVariantGroup;
			children = (
				DEFCAA35264C92F900D302CD /* Base */,
			);
			name = LaunchScreen.storyboard;
			sourceTree = "<group>";
		};
/* End PBXVariantGroup section */

/* Begin XCBuildConfiguration section */
		DEFCAA38264C92F900D302CD /* Debug */ = {
			isa = XCBuildConfiguration;
			buildSettings = {
				ALWAYS_SEARCH_USER_PATHS = NO;
				CLANG_ANALYZER_NONNULL = YES;
				CLANG_ANALYZER_NUMBER_OBJECT_CONVERSION = YES_AGGRESSIVE;
				CLANG_CXX_LANGUAGE_STANDARD = "gnu++14";
				CLANG_CXX_LIBRARY = "libc++";
				CLANG_ENABLE_MODULES = YES;
				CLANG_ENABLE_OBJC_ARC = YES;
				CLANG_ENABLE_OBJC_WEAK = YES;
				CLANG_WARN_BLOCK_CAPTURE_AUTORELEASING = YES;
				CLANG_WARN_BOOL_CONVERSION = YES;
				CLANG_WARN_COMMA = YES;
				CLANG_WARN_CONSTANT_CONVERSION = YES;
				CLANG_WARN_DEPRECATED_OBJC_IMPLEMENTATIONS = YES;
				CLANG_WARN_DIRECT_OBJC_ISA_USAGE = YES_ERROR;
				CLANG_WARN_DOCUMENTATION_COMMENTS = YES;
				CLANG_WARN_EMPTY_BODY = YES;
				CLANG_WARN_ENUM_CONVERSION = YES;
				CLANG_WARN_INFINITE_RECURSION = YES;
				CLANG_WARN_INT_CONVERSION = YES;
				CLANG_WARN_NON_LITERAL_NULL_CONVERSION = YES;
				CLANG_WARN_OBJC_IMPLICIT_RETAIN_SELF = YES;
				CLANG_WARN_OBJC_LITERAL_CONVERSION = YES;
				CLANG_WARN_OBJC_ROOT_CLASS = YES_ERROR;
				CLANG_WARN_QUOTED_INCLUDE_IN_FRAMEWORK_HEADER = YES;
				CLANG_WARN_RANGE_LOOP_ANALYSIS = YES;
				CLANG_WARN_STRICT_PROTOTYPES = YES;
				CLANG_WARN_SUSPICIOUS_MOVE = YES;
				CLANG_WARN_UNGUARDED_AVAILABILITY = YES_AGGRESSIVE;
				CLANG_WARN_UNREACHABLE_CODE = YES;
				CLANG_WARN__DUPLICATE_METHOD_MATCH = YES;
				COPY_PHASE_STRIP = NO;
				DEBUG_INFORMATION_FORMAT = dwarf;
				ENABLE_STRICT_OBJC_MSGSEND = YES;
				ENABLE_TESTABILITY = YES;
				GCC_C_LANGUAGE_STANDARD = gnu11;
				GCC_DYNAMIC_NO_PIC = NO;
				GCC_NO_COMMON_BLOCKS = YES;
				GCC_OPTIMIZATION_LEVEL = 0;
				GCC_PREPROCESSOR_DEFINITIONS = (
					"DEBUG=1",
					"$(inherited)",
				);
				GCC_WARN_64_TO_32_BIT_CONVERSION = YES;
				GCC_WARN_ABOUT_RETURN_TYPE = YES_ERROR;
				GCC_WARN_UNDECLARED_SELECTOR = YES;
				GCC_WARN_UNINITIALIZED_AUTOS = YES_AGGRESSIVE;
				GCC_WARN_UNUSED_FUNCTION = YES;
				GCC_WARN_UNUSED_VARIABLE = YES;
				IPHONEOS_DEPLOYMENT_TARGET = 14.5;
				MTL_ENABLE_DEBUG_INFO = INCLUDE_SOURCE;
				MTL_FAST_MATH = YES;
				ONLY_ACTIVE_ARCH = YES;
				SDKROOT = iphoneos;
				SWIFT_ACTIVE_COMPILATION_CONDITIONS = DEBUG;
				SWIFT_OPTIMIZATION_LEVEL = "-Onone";
			};
			name = Debug;
		};
		DEFCAA39264C92F900D302CD /* Release */ = {
			isa = XCBuildConfiguration;
			buildSettings = {
				ALWAYS_SEARCH_USER_PATHS = NO;
				CLANG_ANALYZER_NONNULL = YES;
				CLANG_ANALYZER_NUMBER_OBJECT_CONVERSION = YES_AGGRESSIVE;
				CLANG_CXX_LANGUAGE_STANDARD = "gnu++14";
				CLANG_CXX_LIBRARY = "libc++";
				CLANG_ENABLE_MODULES = YES;
				CLANG_ENABLE_OBJC_ARC = YES;
				CLANG_ENABLE_OBJC_WEAK = YES;
				CLANG_WARN_BLOCK_CAPTURE_AUTORELEASING = YES;
				CLANG_WARN_BOOL_CONVERSION = YES;
				CLANG_WARN_COMMA = YES;
				CLANG_WARN_CONSTANT_CONVERSION = YES;
				CLANG_WARN_DEPRECATED_OBJC_IMPLEMENTATIONS = YES;
				CLANG_WARN_DIRECT_OBJC_ISA_USAGE = YES_ERROR;
				CLANG_WARN_DOCUMENTATION_COMMENTS = YES;
				CLANG_WARN_EMPTY_BODY = YES;
				CLANG_WARN_ENUM_CONVERSION = YES;
				CLANG_WARN_INFINITE_RECURSION = YES;
				CLANG_WARN_INT_CONVERSION = YES;
				CLANG_WARN_NON_LITERAL_NULL_CONVERSION = YES;
				CLANG_WARN_OBJC_IMPLICIT_RETAIN_SELF = YES;
				CLANG_WARN_OBJC_LITERAL_CONVERSION = YES;
				CLANG_WARN_OBJC_ROOT_CLASS = YES_ERROR;
				CLANG_WARN_QUOTED_INCLUDE_IN_FRAMEWORK_HEADER = YES;
				CLANG_WARN_RANGE_LOOP_ANALYSIS = YES;
				CLANG_WARN_STRICT_PROTOTYPES = YES;
				CLANG_WARN_SUSPICIOUS_MOVE = YES;
				CLANG_WARN_UNGUARDED_AVAILABILITY = YES_AGGRESSIVE;
				CLANG_WARN_UNREACHABLE_CODE = YES;
				CLANG_WARN__DUPLICATE_METHOD_MATCH = YES;
				COPY_PHASE_STRIP = NO;
				DEBUG_INFORMATION_FORMAT = "dwarf-with-dsym";
				ENABLE_NS_ASSERTIONS = NO;
				ENABLE_STRICT_OBJC_MSGSEND = YES;
				GCC_C_LANGUAGE_STANDARD = gnu11;
				GCC_NO_COMMON_BLOCKS = YES;
				GCC_WARN_64_TO_32_BIT_CONVERSION = YES;
				GCC_WARN_ABOUT_RETURN_TYPE = YES_ERROR;
				GCC_WARN_UNDECLARED_SELECTOR = YES;
				GCC_WARN_UNINITIALIZED_AUTOS = YES_AGGRESSIVE;
				GCC_WARN_UNUSED_FUNCTION = YES;
				GCC_WARN_UNUSED_VARIABLE = YES;
				IPHONEOS_DEPLOYMENT_TARGET = 14.5;
				MTL_ENABLE_DEBUG_INFO = NO;
				MTL_FAST_MATH = YES;
				SDKROOT = iphoneos;
				SWIFT_COMPILATION_MODE = wholemodule;
				SWIFT_OPTIMIZATION_LEVEL = "-O";
				VALIDATE_PRODUCT = YES;
			};
			name = Release;
		};
		DEFCAA3B264C92F900D302CD /* Debug */ = {
			isa = XCBuildConfiguration;
			buildSettings = {
				ASSETCATALOG_COMPILER_APPICON_NAME = AppIcon;
				ASSETCATALOG_COMPILER_GLOBAL_ACCENT_COLOR_NAME = AccentColor;
				CODE_SIGN_STYLE = Automatic;
				DEVELOPMENT_ASSET_PATHS = "\"SetGame-Satnford-Assignment-III/Preview Content\"";
				DEVELOPMENT_TEAM = 2RCXCZR94X;
				ENABLE_PREVIEWS = YES;
				INFOPLIST_FILE = "SetGame-Satnford-Assignment-III/Info.plist";
				LD_RUNPATH_SEARCH_PATHS = (
					"$(inherited)",
					"@executable_path/Frameworks",
				);
				PRODUCT_BUNDLE_IDENTIFIER = "Mr.Z.SetGame-Satnford-Assignment-III";
				PRODUCT_NAME = "$(TARGET_NAME)";
				SWIFT_VERSION = 5.0;
				TARGETED_DEVICE_FAMILY = "1,2";
			};
			name = Debug;
		};
		DEFCAA3C264C92F900D302CD /* Release */ = {
			isa = XCBuildConfiguration;
			buildSettings = {
				ASSETCATALOG_COMPILER_APPICON_NAME = AppIcon;
				ASSETCATALOG_COMPILER_GLOBAL_ACCENT_COLOR_NAME = AccentColor;
				CODE_SIGN_STYLE = Automatic;
				DEVELOPMENT_ASSET_PATHS = "\"SetGame-Satnford-Assignment-III/Preview Content\"";
				DEVELOPMENT_TEAM = 2RCXCZR94X;
				ENABLE_PREVIEWS = YES;
				INFOPLIST_FILE = "SetGame-Satnford-Assignment-III/Info.plist";
				LD_RUNPATH_SEARCH_PATHS = (
					"$(inherited)",
					"@executable_path/Frameworks",
				);
				PRODUCT_BUNDLE_IDENTIFIER = "Mr.Z.SetGame-Satnford-Assignment-III";
				PRODUCT_NAME = "$(TARGET_NAME)";
				SWIFT_VERSION = 5.0;
				TARGETED_DEVICE_FAMILY = "1,2";
			};
			name = Release;
		};
/* End XCBuildConfiguration section */

/* Begin XCConfigurationList section */
		DEFCAA1E264C92F800D302CD /* Build configuration list for PBXProject "SetGame-Satnford-Assignment-III" */ = {
			isa = XCConfigurationList;
			buildConfigurations = (
				DEFCAA38264C92F900D302CD /* Debug */,
				DEFCAA39264C92F900D302CD /* Release */,
			);
			defaultConfigurationIsVisible = 0;
			defaultConfigurationName = Release;
		};
		DEFCAA3A264C92F900D302CD /* Build configuration list for PBXNativeTarget "SetGame-Satnford-Assignment-III" */ = {
			isa = XCConfigurationList;
			buildConfigurations = (
				DEFCAA3B264C92F900D302CD /* Debug */,
				DEFCAA3C264C92F900D302CD /* Release */,
			);
			defaultConfigurationIsVisible = 0;
			defaultConfigurationName = Release;
		};
/* End XCConfigurationList section */

/* Begin XCVersionGroup section */
		DEFCAA2C264C92F800D302CD /* SetGame_Satnford_Assignment_III.xcdatamodeld */ = {
			isa = XCVersionGroup;
			children = (
				DEFCAA2D264C92F800D302CD /* SetGame_Satnford_Assignment_III.xcdatamodel */,
			);
			currentVersion = DEFCAA2D264C92F800D302CD /* SetGame_Satnford_Assignment_III.xcdatamodel */;
			path = SetGame_Satnford_Assignment_III.xcdatamodeld;
			sourceTree = "<group>";
			versionGroupType = wrapper.xcdatamodel;
		};
/* End XCVersionGroup section */
	};
	rootObject = DEFCAA1B264C92F800D302CD /* Project object */;
}
